// !$*UTF8*$!
{
	archiveVersion = 1;
	classes = {
	};
	objectVersion = 56;
	objects = {

/* Begin PBXBuildFile section */
		5A80CBAE29D15E3C00F73E60 /* AppDelegate.swift in Sources */ = {isa = PBXBuildFile; fileRef = 5A80CBAD29D15E3C00F73E60 /* AppDelegate.swift */; };
		5A80CBB029D15E3C00F73E60 /* SceneDelegate.swift in Sources */ = {isa = PBXBuildFile; fileRef = 5A80CBAF29D15E3C00F73E60 /* SceneDelegate.swift */; };
		5A80CBB229D15E3C00F73E60 /* LoginViewController.swift in Sources */ = {isa = PBXBuildFile; fileRef = 5A80CBB129D15E3C00F73E60 /* LoginViewController.swift */; };
		5A80CBB529D15E3C00F73E60 /* Main.storyboard in Resources */ = {isa = PBXBuildFile; fileRef = 5A80CBB329D15E3C00F73E60 /* Main.storyboard */; };
		5A80CBB729D15E4300F73E60 /* Assets.xcassets in Resources */ = {isa = PBXBuildFile; fileRef = 5A80CBB629D15E4300F73E60 /* Assets.xcassets */; };
		5A80CBBA29D15E4300F73E60 /* LaunchScreen.storyboard in Resources */ = {isa = PBXBuildFile; fileRef = 5A80CBB829D15E4300F73E60 /* LaunchScreen.storyboard */; };
		5A80CBC229D169EA00F73E60 /* SignUpViewController.swift in Sources */ = {isa = PBXBuildFile; fileRef = 5A80CBC129D169EA00F73E60 /* SignUpViewController.swift */; };
		5A80CBC429D1D10200F73E60 /* BeRealerViewController.swift in Sources */ = {isa = PBXBuildFile; fileRef = 5A80CBC329D1D10200F73E60 /* BeRealerViewController.swift */; };
		5A80CBCA29D1F0EF00F73E60 /* PostViewController.swift in Sources */ = {isa = PBXBuildFile; fileRef = 5A80CBC929D1F0EF00F73E60 /* PostViewController.swift */; };
		5A80CBCD29D214AC00F73E60 /* ParseSwift in Frameworks */ = {isa = PBXBuildFile; productRef = 5A80CBCC29D214AC00F73E60 /* ParseSwift */; };
		5A80CBCF29D21BBC00F73E60 /* User.swift in Sources */ = {isa = PBXBuildFile; fileRef = 5A80CBCE29D21BBC00F73E60 /* User.swift */; };
		5A80CBD129D25B4500F73E60 /* File.swift in Sources */ = {isa = PBXBuildFile; fileRef = 5A80CBD029D25B4500F73E60 /* File.swift */; };
		5A80CBD429D25EEC00F73E60 /* Alamofire in Frameworks */ = {isa = PBXBuildFile; productRef = 5A80CBD329D25EEC00F73E60 /* Alamofire */; };
		5A80CBD729D25FBB00F73E60 /* AlamofireImage in Frameworks */ = {isa = PBXBuildFile; productRef = 5A80CBD629D25FBB00F73E60 /* AlamofireImage */; };
		5A80CBD929D2658200F73E60 /* extensions.swift in Sources */ = {isa = PBXBuildFile; fileRef = 5A80CBD829D2658200F73E60 /* extensions.swift */; };
		5A80CBE029D2881000F73E60 /* BeRealerTableViewCell.swift in Sources */ = {isa = PBXBuildFile; fileRef = 5A80CBDE29D2881000F73E60 /* BeRealerTableViewCell.swift */; };
/* End PBXBuildFile section */

/* Begin PBXFileReference section */
		5A80CBAA29D15E3C00F73E60 /* BeRealer.app */ = {isa = PBXFileReference; explicitFileType = wrapper.application; includeInIndex = 0; path = BeRealer.app; sourceTree = BUILT_PRODUCTS_DIR; };
		5A80CBAD29D15E3C00F73E60 /* AppDelegate.swift */ = {isa = PBXFileReference; lastKnownFileType = sourcecode.swift; path = AppDelegate.swift; sourceTree = "<group>"; };
		5A80CBAF29D15E3C00F73E60 /* SceneDelegate.swift */ = {isa = PBXFileReference; lastKnownFileType = sourcecode.swift; path = SceneDelegate.swift; sourceTree = "<group>"; };
		5A80CBB129D15E3C00F73E60 /* LoginViewController.swift */ = {isa = PBXFileReference; lastKnownFileType = sourcecode.swift; path = LoginViewController.swift; sourceTree = "<group>"; };
		5A80CBB429D15E3C00F73E60 /* Base */ = {isa = PBXFileReference; lastKnownFileType = file.storyboard; name = Base; path = Base.lproj/Main.storyboard; sourceTree = "<group>"; };
		5A80CBB629D15E4300F73E60 /* Assets.xcassets */ = {isa = PBXFileReference; lastKnownFileType = folder.assetcatalog; path = Assets.xcassets; sourceTree = "<group>"; };
		5A80CBB929D15E4300F73E60 /* Base */ = {isa = PBXFileReference; lastKnownFileType = file.storyboard; name = Base; path = Base.lproj/LaunchScreen.storyboard; sourceTree = "<group>"; };
		5A80CBBB29D15E4300F73E60 /* Info.plist */ = {isa = PBXFileReference; lastKnownFileType = text.plist.xml; path = Info.plist; sourceTree = "<group>"; };
		5A80CBC129D169EA00F73E60 /* SignUpViewController.swift */ = {isa = PBXFileReference; lastKnownFileType = sourcecode.swift; path = SignUpViewController.swift; sourceTree = "<group>"; };
		5A80CBC329D1D10200F73E60 /* BeRealerViewController.swift */ = {isa = PBXFileReference; lastKnownFileType = sourcecode.swift; path = BeRealerViewController.swift; sourceTree = "<group>"; };
		5A80CBC929D1F0EF00F73E60 /* PostViewController.swift */ = {isa = PBXFileReference; lastKnownFileType = sourcecode.swift; path = PostViewController.swift; sourceTree = "<group>"; };
		5A80CBCE29D21BBC00F73E60 /* User.swift */ = {isa = PBXFileReference; lastKnownFileType = sourcecode.swift; path = User.swift; sourceTree = "<group>"; };
		5A80CBD029D25B4500F73E60 /* File.swift */ = {isa = PBXFileReference; lastKnownFileType = sourcecode.swift; path = File.swift; sourceTree = "<group>"; };
		5A80CBD829D2658200F73E60 /* extensions.swift */ = {isa = PBXFileReference; lastKnownFileType = sourcecode.swift; path = extensions.swift; sourceTree = "<group>"; };
		5A80CBDE29D2881000F73E60 /* BeRealerTableViewCell.swift */ = {isa = PBXFileReference; lastKnownFileType = sourcecode.swift; path = BeRealerTableViewCell.swift; sourceTree = "<group>"; };
/* End PBXFileReference section */

/* Begin PBXFrameworksBuildPhase section */
		5A80CBA729D15E3B00F73E60 /* Frameworks */ = {
			isa = PBXFrameworksBuildPhase;
			buildActionMask = 2147483647;
			files = (
				5A80CBCD29D214AC00F73E60 /* ParseSwift in Frameworks */,
				5A80CBD429D25EEC00F73E60 /* Alamofire in Frameworks */,
				5A80CBD729D25FBB00F73E60 /* AlamofireImage in Frameworks */,
			);
			runOnlyForDeploymentPostprocessing = 0;
		};
/* End PBXFrameworksBuildPhase section */

/* Begin PBXGroup section */
		5A80CBA129D15E3B00F73E60 = {
			isa = PBXGroup;
			children = (
				5A80CBAC29D15E3C00F73E60 /* BeRealer */,
				5A80CBAB29D15E3C00F73E60 /* Products */,
			);
			sourceTree = "<group>";
		};
		5A80CBAB29D15E3C00F73E60 /* Products */ = {
			isa = PBXGroup;
			children = (
				5A80CBAA29D15E3C00F73E60 /* BeRealer.app */,
			);
			name = Products;
			sourceTree = "<group>";
		};
		5A80CBAC29D15E3C00F73E60 /* BeRealer */ = {
			isa = PBXGroup;
			children = (
				5A80CBAD29D15E3C00F73E60 /* AppDelegate.swift */,
				5A80CBCE29D21BBC00F73E60 /* User.swift */,
				5A80CBAF29D15E3C00F73E60 /* SceneDelegate.swift */,
				5A80CBB129D15E3C00F73E60 /* LoginViewController.swift */,
				5A80CBB329D15E3C00F73E60 /* Main.storyboard */,
				5A80CBC929D1F0EF00F73E60 /* PostViewController.swift */,
				5A80CBDE29D2881000F73E60 /* BeRealerTableViewCell.swift */,
				5A80CBC329D1D10200F73E60 /* BeRealerViewController.swift */,
				5A80CBD029D25B4500F73E60 /* File.swift */,
				5A80CBD829D2658200F73E60 /* extensions.swift */,
				5A80CBC129D169EA00F73E60 /* SignUpViewController.swift */,
				5A80CBB629D15E4300F73E60 /* Assets.xcassets */,
				5A80CBB829D15E4300F73E60 /* LaunchScreen.storyboard */,
				5A80CBBB29D15E4300F73E60 /* Info.plist */,
			);
			path = BeRealer;
			sourceTree = "<group>";
		};
/* End PBXGroup section */

/* Begin PBXNativeTarget section */
		5A80CBA929D15E3B00F73E60 /* BeRealer */ = {
			isa = PBXNativeTarget;
			buildConfigurationList = 5A80CBBE29D15E4300F73E60 /* Build configuration list for PBXNativeTarget "BeRealer" */;
			buildPhases = (
				5A80CBA629D15E3B00F73E60 /* Sources */,
				5A80CBA729D15E3B00F73E60 /* Frameworks */,
				5A80CBA829D15E3B00F73E60 /* Resources */,
			);
			buildRules = (
			);
			dependencies = (
			);
			name = BeRealer;
			packageProductDependencies = (
				5A80CBCC29D214AC00F73E60 /* ParseSwift */,
				5A80CBD329D25EEC00F73E60 /* Alamofire */,
				5A80CBD629D25FBB00F73E60 /* AlamofireImage */,
			);
			productName = BeRealer;
			productReference = 5A80CBAA29D15E3C00F73E60 /* BeRealer.app */;
			productType = "com.apple.product-type.application";
		};
/* End PBXNativeTarget section */

/* Begin PBXProject section */
		5A80CBA229D15E3B00F73E60 /* Project object */ = {
			isa = PBXProject;
			attributes = {
				BuildIndependentTargetsInParallel = 1;
				LastSwiftUpdateCheck = 1420;
				LastUpgradeCheck = 1420;
				TargetAttributes = {
					5A80CBA929D15E3B00F73E60 = {
						CreatedOnToolsVersion = 14.2;
					};
				};
			};
			buildConfigurationList = 5A80CBA529D15E3B00F73E60 /* Build configuration list for PBXProject "BeRealer" */;
			compatibilityVersion = "Xcode 14.0";
			developmentRegion = en;
			hasScannedForEncodings = 0;
			knownRegions = (
				en,
				Base,
			);
			mainGroup = 5A80CBA129D15E3B00F73E60;
			packageReferences = (
				5A80CBCB29D214AB00F73E60 /* XCRemoteSwiftPackageReference "Parse-Swift" */,
				5A80CBD229D25EEB00F73E60 /* XCRemoteSwiftPackageReference "Alamofire" */,
				5A80CBD529D25FBB00F73E60 /* XCRemoteSwiftPackageReference "AlamofireImage" */,
			);
			productRefGroup = 5A80CBAB29D15E3C00F73E60 /* Products */;
			projectDirPath = "";
			projectRoot = "";
			targets = (
				5A80CBA929D15E3B00F73E60 /* BeRealer */,
			);
		};
/* End PBXProject section */

/* Begin PBXResourcesBuildPhase section */
		5A80CBA829D15E3B00F73E60 /* Resources */ = {
			isa = PBXResourcesBuildPhase;
			buildActionMask = 2147483647;
			files = (
				5A80CBBA29D15E4300F73E60 /* LaunchScreen.storyboard in Resources */,
				5A80CBB729D15E4300F73E60 /* Assets.xcassets in Resources */,
				5A80CBB529D15E3C00F73E60 /* Main.storyboard in Resources */,
			);
			runOnlyForDeploymentPostprocessing = 0;
		};
/* End PBXResourcesBuildPhase section */

/* Begin PBXSourcesBuildPhase section */
		5A80CBA629D15E3B00F73E60 /* Sources */ = {
			isa = PBXSourcesBuildPhase;
			buildActionMask = 2147483647;
			files = (
				5A80CBCA29D1F0EF00F73E60 /* PostViewController.swift in Sources */,
				5A80CBB229D15E3C00F73E60 /* LoginViewController.swift in Sources */,
				5A80CBAE29D15E3C00F73E60 /* AppDelegate.swift in Sources */,
				5A80CBD929D2658200F73E60 /* extensions.swift in Sources */,
				5A80CBC229D169EA00F73E60 /* SignUpViewController.swift in Sources */,
				5A80CBD129D25B4500F73E60 /* File.swift in Sources */,
				5A80CBCF29D21BBC00F73E60 /* User.swift in Sources */,
				5A80CBC429D1D10200F73E60 /* BeRealerViewController.swift in Sources */,
				5A80CBE029D2881000F73E60 /* BeRealerTableViewCell.swift in Sources */,
				5A80CBB029D15E3C00F73E60 /* SceneDelegate.swift in Sources */,
			);
			runOnlyForDeploymentPostprocessing = 0;
		};
/* End PBXSourcesBuildPhase section */

/* Begin PBXVariantGroup section */
		5A80CBB329D15E3C00F73E60 /* Main.storyboard */ = {
			isa = PBXVariantGroup;
			children = (
				5A80CBB429D15E3C00F73E60 /* Base */,
			);
			name = Main.storyboard;
			sourceTree = "<group>";
		};
		5A80CBB829D15E4300F73E60 /* LaunchScreen.storyboard */ = {
			isa = PBXVariantGroup;
			children = (
				5A80CBB929D15E4300F73E60 /* Base */,
			);
			name = LaunchScreen.storyboard;
			sourceTree = "<group>";
		};
/* End PBXVariantGroup section */

/* Begin XCBuildConfiguration section */
		5A80CBBC29D15E4300F73E60 /* Debug */ = {
			isa = XCBuildConfiguration;
			buildSettings = {
				ALWAYS_SEARCH_USER_PATHS = NO;
				CLANG_ANALYZER_NONNULL = YES;
				CLANG_ANALYZER_NUMBER_OBJECT_CONVERSION = YES_AGGRESSIVE;
				CLANG_CXX_LANGUAGE_STANDARD = "gnu++20";
				CLANG_ENABLE_MODULES = YES;
				CLANG_ENABLE_OBJC_ARC = YES;
				CLANG_ENABLE_OBJC_WEAK = YES;
				CLANG_WARN_BLOCK_CAPTURE_AUTORELEASING = YES;
				CLANG_WARN_BOOL_CONVERSION = YES;
				CLANG_WARN_COMMA = YES;
				CLANG_WARN_CONSTANT_CONVERSION = YES;
				CLANG_WARN_DEPRECATED_OBJC_IMPLEMENTATIONS = YES;
				CLANG_WARN_DIRECT_OBJC_ISA_USAGE = YES_ERROR;
				CLANG_WARN_DOCUMENTATION_COMMENTS = YES;
				CLANG_WARN_EMPTY_BODY = YES;
				CLANG_WARN_ENUM_CONVERSION = YES;
				CLANG_WARN_INFINITE_RECURSION = YES;
				CLANG_WARN_INT_CONVERSION = YES;
				CLANG_WARN_NON_LITERAL_NULL_CONVERSION = YES;
				CLANG_WARN_OBJC_IMPLICIT_RETAIN_SELF = YES;
				CLANG_WARN_OBJC_LITERAL_CONVERSION = YES;
				CLANG_WARN_OBJC_ROOT_CLASS = YES_ERROR;
				CLANG_WARN_QUOTED_INCLUDE_IN_FRAMEWORK_HEADER = YES;
				CLANG_WARN_RANGE_LOOP_ANALYSIS = YES;
				CLANG_WARN_STRICT_PROTOTYPES = YES;
				CLANG_WARN_SUSPICIOUS_MOVE = YES;
				CLANG_WARN_UNGUARDED_AVAILABILITY = YES_AGGRESSIVE;
				CLANG_WARN_UNREACHABLE_CODE = YES;
				CLANG_WARN__DUPLICATE_METHOD_MATCH = YES;
				COPY_PHASE_STRIP = NO;
				DEBUG_INFORMATION_FORMAT = dwarf;
				ENABLE_STRICT_OBJC_MSGSEND = YES;
				ENABLE_TESTABILITY = YES;
				GCC_C_LANGUAGE_STANDARD = gnu11;
				GCC_DYNAMIC_NO_PIC = NO;
				GCC_NO_COMMON_BLOCKS = YES;
				GCC_OPTIMIZATION_LEVEL = 0;
				GCC_PREPROCESSOR_DEFINITIONS = (
					"DEBUG=1",
					"$(inherited)",
				);
				GCC_WARN_64_TO_32_BIT_CONVERSION = YES;
				GCC_WARN_ABOUT_RETURN_TYPE = YES_ERROR;
				GCC_WARN_UNDECLARED_SELECTOR = YES;
				GCC_WARN_UNINITIALIZED_AUTOS = YES_AGGRESSIVE;
				GCC_WARN_UNUSED_FUNCTION = YES;
				GCC_WARN_UNUSED_VARIABLE = YES;
				IPHONEOS_DEPLOYMENT_TARGET = 16.2;
				MTL_ENABLE_DEBUG_INFO = INCLUDE_SOURCE;
				MTL_FAST_MATH = YES;
				ONLY_ACTIVE_ARCH = YES;
				SDKROOT = iphoneos;
				SWIFT_ACTIVE_COMPILATION_CONDITIONS = DEBUG;
				SWIFT_OPTIMIZATION_LEVEL = "-Onone";
			};
			name = Debug;
		};
		5A80CBBD29D15E4300F73E60 /* Release */ = {
			isa = XCBuildConfiguration;
			buildSettings = {
				ALWAYS_SEARCH_USER_PATHS = NO;
				CLANG_ANALYZER_NONNULL = YES;
				CLANG_ANALYZER_NUMBER_OBJECT_CONVERSION = YES_AGGRESSIVE;
				CLANG_CXX_LANGUAGE_STANDARD = "gnu++20";
				CLANG_ENABLE_MODULES = YES;
				CLANG_ENABLE_OBJC_ARC = YES;
				CLANG_ENABLE_OBJC_WEAK = YES;
				CLANG_WARN_BLOCK_CAPTURE_AUTORELEASING = YES;
				CLANG_WARN_BOOL_CONVERSION = YES;
				CLANG_WARN_COMMA = YES;
				CLANG_WARN_CONSTANT_CONVERSION = YES;
				CLANG_WARN_DEPRECATED_OBJC_IMPLEMENTATIONS = YES;
				CLANG_WARN_DIRECT_OBJC_ISA_USAGE = YES_ERROR;
				CLANG_WARN_DOCUMENTATION_COMMENTS = YES;
				CLANG_WARN_EMPTY_BODY = YES;
				CLANG_WARN_ENUM_CONVERSION = YES;
				CLANG_WARN_INFINITE_RECURSION = YES;
				CLANG_WARN_INT_CONVERSION = YES;
				CLANG_WARN_NON_LITERAL_NULL_CONVERSION = YES;
				CLANG_WARN_OBJC_IMPLICIT_RETAIN_SELF = YES;
				CLANG_WARN_OBJC_LITERAL_CONVERSION = YES;
				CLANG_WARN_OBJC_ROOT_CLASS = YES_ERROR;
				CLANG_WARN_QUOTED_INCLUDE_IN_FRAMEWORK_HEADER = YES;
				CLANG_WARN_RANGE_LOOP_ANALYSIS = YES;
				CLANG_WARN_STRICT_PROTOTYPES = YES;
				CLANG_WARN_SUSPICIOUS_MOVE = YES;
				CLANG_WARN_UNGUARDED_AVAILABILITY = YES_AGGRESSIVE;
				CLANG_WARN_UNREACHABLE_CODE = YES;
				CLANG_WARN__DUPLICATE_METHOD_MATCH = YES;
				COPY_PHASE_STRIP = NO;
				DEBUG_INFORMATION_FORMAT = "dwarf-with-dsym";
				ENABLE_NS_ASSERTIONS = NO;
				ENABLE_STRICT_OBJC_MSGSEND = YES;
				GCC_C_LANGUAGE_STANDARD = gnu11;
				GCC_NO_COMMON_BLOCKS = YES;
				GCC_WARN_64_TO_32_BIT_CONVERSION = YES;
				GCC_WARN_ABOUT_RETURN_TYPE = YES_ERROR;
				GCC_WARN_UNDECLARED_SELECTOR = YES;
				GCC_WARN_UNINITIALIZED_AUTOS = YES_AGGRESSIVE;
				GCC_WARN_UNUSED_FUNCTION = YES;
				GCC_WARN_UNUSED_VARIABLE = YES;
				IPHONEOS_DEPLOYMENT_TARGET = 16.2;
				MTL_ENABLE_DEBUG_INFO = NO;
				MTL_FAST_MATH = YES;
				SDKROOT = iphoneos;
				SWIFT_COMPILATION_MODE = wholemodule;
				SWIFT_OPTIMIZATION_LEVEL = "-O";
				VALIDATE_PRODUCT = YES;
			};
			name = Release;
		};
		5A80CBBF29D15E4300F73E60 /* Debug */ = {
			isa = XCBuildConfiguration;
			buildSettings = {
				ASSETCATALOG_COMPILER_APPICON_NAME = AppIcon;
				ASSETCATALOG_COMPILER_GLOBAL_ACCENT_COLOR_NAME = AccentColor;
				CODE_SIGN_STYLE = Automatic;
				CURRENT_PROJECT_VERSION = 1;
				DEVELOPMENT_TEAM = Z8Y89N8MYU;
				GENERATE_INFOPLIST_FILE = YES;
				INFOPLIST_FILE = BeRealer/Info.plist;
				INFOPLIST_KEY_UIApplicationSupportsIndirectInputEvents = YES;
				INFOPLIST_KEY_UILaunchStoryboardName = LaunchScreen;
				INFOPLIST_KEY_UIMainStoryboardFile = Main;
				INFOPLIST_KEY_UISupportedInterfaceOrientations_iPad = "UIInterfaceOrientationPortrait UIInterfaceOrientationPortraitUpsideDown UIInterfaceOrientationLandscapeLeft UIInterfaceOrientationLandscapeRight";
				INFOPLIST_KEY_UISupportedInterfaceOrientations_iPhone = "UIInterfaceOrientationPortrait UIInterfaceOrientationLandscapeLeft UIInterfaceOrientationLandscapeRight";
				IPHONEOS_DEPLOYMENT_TARGET = 16.1;
				LD_RUNPATH_SEARCH_PATHS = (
					"$(inherited)",
					"@executable_path/Frameworks",
				);
				MARKETING_VERSION = 1.0;
				PRODUCT_BUNDLE_IDENTIFIER = co.keenanray.BeRealer;
				PRODUCT_NAME = "$(TARGET_NAME)";
				SWIFT_EMIT_LOC_STRINGS = YES;
				SWIFT_VERSION = 5.0;
				TARGETED_DEVICE_FAMILY = "1,2";
			};
			name = Debug;
		};
		5A80CBC029D15E4300F73E60 /* Release */ = {
			isa = XCBuildConfiguration;
			buildSettings = {
				ASSETCATALOG_COMPILER_APPICON_NAME = AppIcon;
				ASSETCATALOG_COMPILER_GLOBAL_ACCENT_COLOR_NAME = AccentColor;
				CODE_SIGN_STYLE = Automatic;
				CURRENT_PROJECT_VERSION = 1;
				DEVELOPMENT_TEAM = Z8Y89N8MYU;
				GENERATE_INFOPLIST_FILE = YES;
				INFOPLIST_FILE = BeRealer/Info.plist;
				INFOPLIST_KEY_UIApplicationSupportsIndirectInputEvents = YES;
				INFOPLIST_KEY_UILaunchStoryboardName = LaunchScreen;
				INFOPLIST_KEY_UIMainStoryboardFile = Main;
				INFOPLIST_KEY_UISupportedInterfaceOrientations_iPad = "UIInterfaceOrientationPortrait UIInterfaceOrientationPortraitUpsideDown UIInterfaceOrientationLandscapeLeft UIInterfaceOrientationLandscapeRight";
				INFOPLIST_KEY_UISupportedInterfaceOrientations_iPhone = "UIInterfaceOrientationPortrait UIInterfaceOrientationLandscapeLeft UIInterfaceOrientationLandscapeRight";
				IPHONEOS_DEPLOYMENT_TARGET = 16.1;
				LD_RUNPATH_SEARCH_PATHS = (
					"$(inherited)",
					"@executable_path/Frameworks",
				);
				MARKETING_VERSION = 1.0;
				PRODUCT_BUNDLE_IDENTIFIER = co.keenanray.BeRealer;
				PRODUCT_NAME = "$(TARGET_NAME)";
				SWIFT_EMIT_LOC_STRINGS = YES;
				SWIFT_VERSION = 5.0;
				TARGETED_DEVICE_FAMILY = "1,2";
			};
			name = Release;
		};
/* End XCBuildConfiguration section */

/* Begin XCConfigurationList section */
		5A80CBA529D15E3B00F73E60 /* Build configuration list for PBXProject "BeRealer" */ = {
			isa = XCConfigurationList;
			buildConfigurations = (
				5A80CBBC29D15E4300F73E60 /* Debug */,
				5A80CBBD29D15E4300F73E60 /* Release */,
			);
			defaultConfigurationIsVisible = 0;
			defaultConfigurationName = Release;
		};
		5A80CBBE29D15E4300F73E60 /* Build configuration list for PBXNativeTarget "BeRealer" */ = {
			isa = XCConfigurationList;
			buildConfigurations = (
				5A80CBBF29D15E4300F73E60 /* Debug */,
				5A80CBC029D15E4300F73E60 /* Release */,
			);
			defaultConfigurationIsVisible = 0;
			defaultConfigurationName = Release;
		};
/* End XCConfigurationList section */

/* Begin XCRemoteSwiftPackageReference section */
		5A80CBCB29D214AB00F73E60 /* XCRemoteSwiftPackageReference "Parse-Swift" */ = {
			isa = XCRemoteSwiftPackageReference;
			repositoryURL = "https://github.com/parse-community/Parse-Swift.git";
			requirement = {
				kind = upToNextMajorVersion;
				minimumVersion = 4.0.0;
			};
		};
		5A80CBD229D25EEB00F73E60 /* XCRemoteSwiftPackageReference "Alamofire" */ = {
			isa = XCRemoteSwiftPackageReference;
			repositoryURL = "https://github.com/Alamofire/Alamofire";
			requirement = {
				kind = upToNextMajorVersion;
				minimumVersion = 5.0.0;
			};
		};
		5A80CBD529D25FBB00F73E60 /* XCRemoteSwiftPackageReference "AlamofireImage" */ = {
			isa = XCRemoteSwiftPackageReference;
			repositoryURL = "https://github.com/Alamofire/AlamofireImage.git";
			requirement = {
				kind = upToNextMajorVersion;
				minimumVersion = 4.0.0;
			};
		};
/* End XCRemoteSwiftPackageReference section */

/* Begin XCSwiftPackageProductDependency section */
		5A80CBCC29D214AC00F73E60 /* ParseSwift */ = {
			isa = XCSwiftPackageProductDependency;
			package = 5A80CBCB29D214AB00F73E60 /* XCRemoteSwiftPackageReference "Parse-Swift" */;
			productName = ParseSwift;
		};
		5A80CBD329D25EEC00F73E60 /* Alamofire */ = {
			isa = XCSwiftPackageProductDependency;
			package = 5A80CBD229D25EEB00F73E60 /* XCRemoteSwiftPackageReference "Alamofire" */;
			productName = Alamofire;
		};
		5A80CBD629D25FBB00F73E60 /* AlamofireImage */ = {
			isa = XCSwiftPackageProductDependency;
			package = 5A80CBD529D25FBB00F73E60 /* XCRemoteSwiftPackageReference "AlamofireImage" */;
			productName = AlamofireImage;
		};
/* End XCSwiftPackageProductDependency section */
	};
	rootObject = 5A80CBA229D15E3B00F73E60 /* Project object */;
}
